// !$*UTF8*$!
{
	archiveVersion = 1;
	classes = {
	};
	objectVersion = 46;
	objects = {

/* Begin PBXBuildFile section */
		5C31D8331CCFAC9E00E4BC7F /* AppDelegate.swift in Sources */ = {isa = PBXBuildFile; fileRef = 5C31D8321CCFAC9E00E4BC7F /* AppDelegate.swift */; };
		5C31D8351CCFAC9E00E4BC7F /* MasterViewController.swift in Sources */ = {isa = PBXBuildFile; fileRef = 5C31D8341CCFAC9E00E4BC7F /* MasterViewController.swift */; };
		5C31D8371CCFAC9E00E4BC7F /* DetailViewController.swift in Sources */ = {isa = PBXBuildFile; fileRef = 5C31D8361CCFAC9E00E4BC7F /* DetailViewController.swift */; };
		5C31D83A1CCFAC9E00E4BC7F /* Main.storyboard in Resources */ = {isa = PBXBuildFile; fileRef = 5C31D8381CCFAC9E00E4BC7F /* Main.storyboard */; };
		5C31D83C1CCFAC9E00E4BC7F /* Assets.xcassets in Resources */ = {isa = PBXBuildFile; fileRef = 5C31D83B1CCFAC9E00E4BC7F /* Assets.xcassets */; };
		5C31D83F1CCFAC9E00E4BC7F /* LaunchScreen.storyboard in Resources */ = {isa = PBXBuildFile; fileRef = 5C31D83D1CCFAC9E00E4BC7F /* LaunchScreen.storyboard */; };
/* End PBXBuildFile section */

/* Begin PBXFileReference section */
		5C31D82F1CCFAC9E00E4BC7F /* FTVZoomiOSViewControllerTransition.app */ = {isa = PBXFileReference; explicitFileType = wrapper.application; includeInIndex = 0; path = FTVZoomiOSViewControllerTransition.app; sourceTree = BUILT_PRODUCTS_DIR; };
		5C31D8321CCFAC9E00E4BC7F /* AppDelegate.swift */ = {isa = PBXFileReference; lastKnownFileType = sourcecode.swift; path = AppDelegate.swift; sourceTree = "<group>"; };
		5C31D8341CCFAC9E00E4BC7F /* MasterViewController.swift */ = {isa = PBXFileReference; lastKnownFileType = sourcecode.swift; path = MasterViewController.swift; sourceTree = "<group>"; };
		5C31D8361CCFAC9E00E4BC7F /* DetailViewController.swift */ = {isa = PBXFileReference; lastKnownFileType = sourcecode.swift; path = DetailViewController.swift; sourceTree = "<group>"; };
		5C31D8391CCFAC9E00E4BC7F /* Base */ = {isa = PBXFileReference; lastKnownFileType = file.storyboard; name = Base; path = Base.lproj/Main.storyboard; sourceTree = "<group>"; };
		5C31D83B1CCFAC9E00E4BC7F /* Assets.xcassets */ = {isa = PBXFileReference; lastKnownFileType = folder.assetcatalog; path = Assets.xcassets; sourceTree = "<group>"; };
		5C31D83E1CCFAC9E00E4BC7F /* Base */ = {isa = PBXFileReference; lastKnownFileType = file.storyboard; name = Base; path = Base.lproj/LaunchScreen.storyboard; sourceTree = "<group>"; };
		5C31D8401CCFAC9E00E4BC7F /* Info.plist */ = {isa = PBXFileReference; lastKnownFileType = text.plist.xml; path = Info.plist; sourceTree = "<group>"; };
/* End PBXFileReference section */

/* Begin PBXFrameworksBuildPhase section */
		5C31D82C1CCFAC9E00E4BC7F /* Frameworks */ = {
			isa = PBXFrameworksBuildPhase;
			buildActionMask = 2147483647;
			files = (
			);
			runOnlyForDeploymentPostprocessing = 0;
		};
/* End PBXFrameworksBuildPhase section */

/* Begin PBXGroup section */
		5C31D8261CCFAC9E00E4BC7F = {
			isa = PBXGroup;
			children = (
				5C31D8311CCFAC9E00E4BC7F /* FTVZoomiOSViewControllerTransition */,
				5C31D8301CCFAC9E00E4BC7F /* Products */,
			);
			sourceTree = "<group>";
		};
		5C31D8301CCFAC9E00E4BC7F /* Products */ = {
			isa = PBXGroup;
			children = (
				5C31D82F1CCFAC9E00E4BC7F /* FTVZoomiOSViewControllerTransition.app */,
			);
			name = Products;
			sourceTree = "<group>";
		};
		5C31D8311CCFAC9E00E4BC7F /* FTVZoomiOSViewControllerTransition */ = {
			isa = PBXGroup;
			children = (
				5C31D8321CCFAC9E00E4BC7F /* AppDelegate.swift */,
				5C31D8341CCFAC9E00E4BC7F /* MasterViewController.swift */,
				5C31D8361CCFAC9E00E4BC7F /* DetailViewController.swift */,
				5C31D8381CCFAC9E00E4BC7F /* Main.storyboard */,
				5C31D83B1CCFAC9E00E4BC7F /* Assets.xcassets */,
				5C31D83D1CCFAC9E00E4BC7F /* LaunchScreen.storyboard */,
				5C31D8401CCFAC9E00E4BC7F /* Info.plist */,
			);
			path = FTVZoomiOSViewControllerTransition;
			sourceTree = "<group>";
		};
/* End PBXGroup section */

/* Begin PBXNativeTarget section */
		5C31D82E1CCFAC9E00E4BC7F /* FTVZoomiOSViewControllerTransition */ = {
			isa = PBXNativeTarget;
			buildConfigurationList = 5C31D8431CCFAC9E00E4BC7F /* Build configuration list for PBXNativeTarget "FTVZoomiOSViewControllerTransition" */;
			buildPhases = (
				5C31D82B1CCFAC9E00E4BC7F /* Sources */,
				5C31D82C1CCFAC9E00E4BC7F /* Frameworks */,
				5C31D82D1CCFAC9E00E4BC7F /* Resources */,
			);
			buildRules = (
			);
			dependencies = (
			);
			name = FTVZoomiOSViewControllerTransition;
			productName = FTVZoomiOSViewControllerTransition;
			productReference = 5C31D82F1CCFAC9E00E4BC7F /* FTVZoomiOSViewControllerTransition.app */;
			productType = "com.apple.product-type.application";
		};
/* End PBXNativeTarget section */

/* Begin PBXProject section */
		5C31D8271CCFAC9E00E4BC7F /* Project object */ = {
			isa = PBXProject;
			attributes = {
				LastSwiftUpdateCheck = 0730;
				LastUpgradeCheck = 0730;
				ORGANIZATIONNAME = "William Archimède";
				TargetAttributes = {
					5C31D82E1CCFAC9E00E4BC7F = {
						CreatedOnToolsVersion = 7.3;
					};
				};
			};
			buildConfigurationList = 5C31D82A1CCFAC9E00E4BC7F /* Build configuration list for PBXProject "FTVZoomiOSViewControllerTransition" */;
			compatibilityVersion = "Xcode 3.2";
			developmentRegion = English;
			hasScannedForEncodings = 0;
			knownRegions = (
				en,
				Base,
			);
			mainGroup = 5C31D8261CCFAC9E00E4BC7F;
			productRefGroup = 5C31D8301CCFAC9E00E4BC7F /* Products */;
			projectDirPath = "";
			projectRoot = "";
			targets = (
				5C31D82E1CCFAC9E00E4BC7F /* FTVZoomiOSViewControllerTransition */,
			);
		};
/* End PBXProject section */

/* Begin PBXResourcesBuildPhase section */
		5C31D82D1CCFAC9E00E4BC7F /* Resources */ = {
			isa = PBXResourcesBuildPhase;
			buildActionMask = 2147483647;
			files = (
				5C31D83F1CCFAC9E00E4BC7F /* LaunchScreen.storyboard in Resources */,
				5C31D83C1CCFAC9E00E4BC7F /* Assets.xcassets in Resources */,
				5C31D83A1CCFAC9E00E4BC7F /* Main.storyboard in Resources */,
			);
			runOnlyForDeploymentPostprocessing = 0;
		};
/* End PBXResourcesBuildPhase section */

/* Begin PBXSourcesBuildPhase section */
		5C31D82B1CCFAC9E00E4BC7F /* Sources */ = {
			isa = PBXSourcesBuildPhase;
			buildActionMask = 2147483647;
			files = (
				5C31D8371CCFAC9E00E4BC7F /* DetailViewController.swift in Sources */,
				5C31D8351CCFAC9E00E4BC7F /* MasterViewController.swift in Sources */,
				5C31D8331CCFAC9E00E4BC7F /* AppDelegate.swift in Sources */,
			);
			runOnlyForDeploymentPostprocessing = 0;
		};
/* End PBXSourcesBuildPhase section */

/* Begin PBXVariantGroup section */
		5C31D8381CCFAC9E00E4BC7F /* Main.storyboard */ = {
			isa = PBXVariantGroup;
			children = (
				5C31D8391CCFAC9E00E4BC7F /* Base */,
			);
			name = Main.storyboard;
			sourceTree = "<group>";
		};
		5C31D83D1CCFAC9E00E4BC7F /* LaunchScreen.storyboard */ = {
			isa = PBXVariantGroup;
			children = (
				5C31D83E1CCFAC9E00E4BC7F /* Base */,
			);
			name = LaunchScreen.storyboard;
			sourceTree = "<group>";
		};
/* End PBXVariantGroup section */

/* Begin XCBuildConfiguration section */
		5C31D8411CCFAC9E00E4BC7F /* Debug */ = {
			isa = XCBuildConfiguration;
			buildSettings = {
				ALWAYS_SEARCH_USER_PATHS = NO;
				CLANG_ANALYZER_NONNULL = YES;
				CLANG_CXX_LANGUAGE_STANDARD = "gnu++0x";
				CLANG_CXX_LIBRARY = "libc++";
				CLANG_ENABLE_MODULES = YES;
				CLANG_ENABLE_OBJC_ARC = YES;
				CLANG_WARN_BOOL_CONVERSION = YES;
				CLANG_WARN_CONSTANT_CONVERSION = YES;
				CLANG_WARN_DIRECT_OBJC_ISA_USAGE = YES_ERROR;
				CLANG_WARN_EMPTY_BODY = YES;
				CLANG_WARN_ENUM_CONVERSION = YES;
				CLANG_WARN_INT_CONVERSION = YES;
				CLANG_WARN_OBJC_ROOT_CLASS = YES_ERROR;
				CLANG_WARN_UNREACHABLE_CODE = YES;
				CLANG_WARN__DUPLICATE_METHOD_MATCH = YES;
				"CODE_SIGN_IDENTITY[sdk=iphoneos*]" = "iPhone Developer";
				COPY_PHASE_STRIP = NO;
				DEBUG_INFORMATION_FORMAT = dwarf;
				ENABLE_STRICT_OBJC_MSGSEND = YES;
				ENABLE_TESTABILITY = YES;
				GCC_C_LANGUAGE_STANDARD = gnu99;
				GCC_DYNAMIC_NO_PIC = NO;
				GCC_NO_COMMON_BLOCKS = YES;
				GCC_OPTIMIZATION_LEVEL = 0;
				GCC_PREPROCESSOR_DEFINITIONS = (
					"DEBUG=1",
					"$(inherited)",
				);
				GCC_WARN_64_TO_32_BIT_CONVERSION = YES;
				GCC_WARN_ABOUT_RETURN_TYPE = YES_ERROR;
				GCC_WARN_UNDECLARED_SELECTOR = YES;
				GCC_WARN_UNINITIALIZED_AUTOS = YES_AGGRESSIVE;
				GCC_WARN_UNUSED_FUNCTION = YES;
				GCC_WARN_UNUSED_VARIABLE = YES;
				IPHONEOS_DEPLOYMENT_TARGET = 9.3;
				MTL_ENABLE_DEBUG_INFO = YES;
				ONLY_ACTIVE_ARCH = YES;
				SDKROOT = iphoneos;
				SWIFT_OPTIMIZATION_LEVEL = "-Onone";
				TARGETED_DEVICE_FAMILY = "1,2";
			};
			name = Debug;
		};
		5C31D8421CCFAC9E00E4BC7F /* Release */ = {
			isa = XCBuildConfiguration;
			buildSettings = {
				ALWAYS_SEARCH_USER_PATHS = NO;
				CLANG_ANALYZER_NONNULL = YES;
				CLANG_CXX_LANGUAGE_STANDARD = "gnu++0x";
				CLANG_CXX_LIBRARY = "libc++";
				CLANG_ENABLE_MODULES = YES;
				CLANG_ENABLE_OBJC_ARC = YES;
				CLANG_WARN_BOOL_CONVERSION = YES;
				CLANG_WARN_CONSTANT_CONVERSION = YES;
				CLANG_WARN_DIRECT_OBJC_ISA_USAGE = YES_ERROR;
				CLANG_WARN_EMPTY_BODY = YES;
				CLANG_WARN_ENUM_CONVERSION = YES;
				CLANG_WARN_INT_CONVERSION = YES;
				CLANG_WARN_OBJC_ROOT_CLASS = YES_ERROR;
				CLANG_WARN_UNREACHABLE_CODE = YES;
				CLANG_WARN__DUPLICATE_METHOD_MATCH = YES;
				"CODE_SIGN_IDENTITY[sdk=iphoneos*]" = "iPhone Developer";
				COPY_PHASE_STRIP = NO;
				DEBUG_INFORMATION_FORMAT = "dwarf-with-dsym";
				ENABLE_NS_ASSERTIONS = NO;
				ENABLE_STRICT_OBJC_MSGSEND = YES;
				GCC_C_LANGUAGE_STANDARD = gnu99;
				GCC_NO_COMMON_BLOCKS = YES;
				GCC_WARN_64_TO_32_BIT_CONVERSION = YES;
				GCC_WARN_ABOUT_RETURN_TYPE = YES_ERROR;
				GCC_WARN_UNDECLARED_SELECTOR = YES;
				GCC_WARN_UNINITIALIZED_AUTOS = YES_AGGRESSIVE;
				GCC_WARN_UNUSED_FUNCTION = YES;
				GCC_WARN_UNUSED_VARIABLE = YES;
				IPHONEOS_DEPLOYMENT_TARGET = 9.3;
				MTL_ENABLE_DEBUG_INFO = NO;
				SDKROOT = iphoneos;
				TARGETED_DEVICE_FAMILY = "1,2";
				VALIDATE_PRODUCT = YES;
			};
			name = Release;
		};
		5C31D8441CCFAC9E00E4BC7F /* Debug */ = {
			isa = XCBuildConfiguration;
			buildSettings = {
				ASSETCATALOG_COMPILER_APPICON_NAME = AppIcon;
				INFOPLIST_FILE = FTVZoomiOSViewControllerTransition/Info.plist;
				LD_RUNPATH_SEARCH_PATHS = "$(inherited) @executable_path/Frameworks";
				PRODUCT_BUNDLE_IDENTIFIER = "France-Televisions.FTVZoomiOSViewControllerTransition";
				PRODUCT_NAME = "$(TARGET_NAME)";
			};
			name = Debug;
		};
		5C31D8451CCFAC9E00E4BC7F /* Release */ = {
			isa = XCBuildConfiguration;
			buildSettings = {
				ASSETCATALOG_COMPILER_APPICON_NAME = AppIcon;
				INFOPLIST_FILE = FTVZoomiOSViewControllerTransition/Info.plist;
				LD_RUNPATH_SEARCH_PATHS = "$(inherited) @executable_path/Frameworks";
				PRODUCT_BUNDLE_IDENTIFIER = "France-Televisions.FTVZoomiOSViewControllerTransition";
				PRODUCT_NAME = "$(TARGET_NAME)";
			};
			name = Release;
		};
/* End XCBuildConfiguration section */

/* Begin XCConfigurationList section */
		5C31D82A1CCFAC9E00E4BC7F /* Build configuration list for PBXProject "FTVZoomiOSViewControllerTransition" */ = {
			isa = XCConfigurationList;
			buildConfigurations = (
				5C31D8411CCFAC9E00E4BC7F /* Debug */,
				5C31D8421CCFAC9E00E4BC7F /* Release */,
			);
			defaultConfigurationIsVisible = 0;
			defaultConfigurationName = Release;
		};
		5C31D8431CCFAC9E00E4BC7F /* Build configuration list for PBXNativeTarget "FTVZoomiOSViewControllerTransition" */ = {
			isa = XCConfigurationList;
			buildConfigurations = (
				5C31D8441CCFAC9E00E4BC7F /* Debug */,
				5C31D8451CCFAC9E00E4BC7F /* Release */,
			);
			defaultConfigurationIsVisible = 0;
		};
/* End XCConfigurationList section */
	};
	rootObject = 5C31D8271CCFAC9E00E4BC7F /* Project object */;
}
